
Microsoft Visual Studio Solution File, Format Version 12.00
# Visual Studio Version 17
VisualStudioVersion = 17.14.36414.22 d17.14
MinimumVisualStudioVersion = 10.0.40219.1
Project("{FAE04EC0-301F-11D3-BF4B-00C04F79EFBC}") = "ProductMvcApp", "ProductMvcApp.csproj", "{4CF375A1-7906-4929-A1D2-18B13F2BDAFA}"
EndProject
Global
	GlobalSection(SolutionConfigurationPlatforms) = preSolution
		Debug|Any CPU = Debug|Any CPU
		Release|Any CPU = Release|Any CPU
	EndGlobalSection
	GlobalSection(ProjectConfigurationPlatforms) = postSolution
		{4CF375A1-7906-4929-A1D2-18B13F2BDAFA}.Debug|Any CPU.ActiveCfg = Debug|Any CPU
		{4CF375A1-7906-4929-A1D2-18B13F2BDAFA}.Debug|Any CPU.Build.0 = Debug|Any CPU
		{4CF375A1-7906-4929-A1D2-18B13F2BDAFA}.Release|Any CPU.ActiveCfg = Release|Any CPU
		{4CF375A1-7906-4929-A1D2-18B13F2BDAFA}.Release|Any CPU.Build.0 = Release|Any CPU
	EndGlobalSection
	GlobalSection(SolutionProperties) = preSolution
		HideSolutionNode = FALSE
	EndGlobalSection
	GlobalSection(ExtensibilityGlobals) = postSolution
		SolutionGuid = {5838E5EB-27F5-475A-9DBF-3CB750728964}
	EndGlobalSection
EndGlobal
